// !$*UTF8*$!
{
	archiveVersion = 1;
	classes = {
	};
	objectVersion = 46;
	objects = {

/* Begin PBXBuildFile section */
		474976E91DA2739200A2DF23 /* AppDelegate.swift in Sources */ = {isa = PBXBuildFile; fileRef = 474976E81DA2739200A2DF23 /* AppDelegate.swift */; };
		474976EB1DA2739200A2DF23 /* ViewController.swift in Sources */ = {isa = PBXBuildFile; fileRef = 474976EA1DA2739200A2DF23 /* ViewController.swift */; };
		474976EE1DA2739200A2DF23 /* Main.storyboard in Resources */ = {isa = PBXBuildFile; fileRef = 474976EC1DA2739200A2DF23 /* Main.storyboard */; };
		474976F01DA2739200A2DF23 /* Assets.xcassets in Resources */ = {isa = PBXBuildFile; fileRef = 474976EF1DA2739200A2DF23 /* Assets.xcassets */; };
		474976F31DA2739200A2DF23 /* LaunchScreen.storyboard in Resources */ = {isa = PBXBuildFile; fileRef = 474976F11DA2739200A2DF23 /* LaunchScreen.storyboard */; };
/* End PBXBuildFile section */

/* Begin PBXFileReference section */
		474976E51DA2739200A2DF23 /* SimpleWebView.app */ = {isa = PBXFileReference; explicitFileType = wrapper.application; includeInIndex = 0; path = SimpleWebView.app; sourceTree = BUILT_PRODUCTS_DIR; };
		474976E81DA2739200A2DF23 /* AppDelegate.swift */ = {isa = PBXFileReference; lastKnownFileType = sourcecode.swift; path = AppDelegate.swift; sourceTree = "<group>"; };
		474976EA1DA2739200A2DF23 /* ViewController.swift */ = {isa = PBXFileReference; lastKnownFileType = sourcecode.swift; path = ViewController.swift; sourceTree = "<group>"; };
		474976ED1DA2739200A2DF23 /* Base */ = {isa = PBXFileReference; lastKnownFileType = file.storyboard; name = Base; path = Base.lproj/Main.storyboard; sourceTree = "<group>"; };
		474976EF1DA2739200A2DF23 /* Assets.xcassets */ = {isa = PBXFileReference; lastKnownFileType = folder.assetcatalog; path = Assets.xcassets; sourceTree = "<group>"; };
		474976F21DA2739200A2DF23 /* Base */ = {isa = PBXFileReference; lastKnownFileType = file.storyboard; name = Base; path = Base.lproj/LaunchScreen.storyboard; sourceTree = "<group>"; };
		474976F41DA2739200A2DF23 /* Info.plist */ = {isa = PBXFileReference; lastKnownFileType = text.plist.xml; path = Info.plist; sourceTree = "<group>"; };
/* End PBXFileReference section */

/* Begin PBXFrameworksBuildPhase section */
		474976E21DA2739200A2DF23 /* Frameworks */ = {
			isa = PBXFrameworksBuildPhase;
			buildActionMask = 2147483647;
			files = (
			);
			runOnlyForDeploymentPostprocessing = 0;
		};
/* End PBXFrameworksBuildPhase section */

/* Begin PBXGroup section */
		474976DC1DA2739200A2DF23 = {
			isa = PBXGroup;
			children = (
				474976E71DA2739200A2DF23 /* SimpleWebView */,
				474976E61DA2739200A2DF23 /* Products */,
			);
			sourceTree = "<group>";
		};
		474976E61DA2739200A2DF23 /* Products */ = {
			isa = PBXGroup;
			children = (
				474976E51DA2739200A2DF23 /* SimpleWebView.app */,
			);
			name = Products;
			sourceTree = "<group>";
		};
		474976E71DA2739200A2DF23 /* SimpleWebView */ = {
			isa = PBXGroup;
			children = (
				474976E81DA2739200A2DF23 /* AppDelegate.swift */,
				474976EA1DA2739200A2DF23 /* ViewController.swift */,
				474976EC1DA2739200A2DF23 /* Main.storyboard */,
				474976EF1DA2739200A2DF23 /* Assets.xcassets */,
				474976F11DA2739200A2DF23 /* LaunchScreen.storyboard */,
				474976F41DA2739200A2DF23 /* Info.plist */,
			);
			path = SimpleWebView;
			sourceTree = "<group>";
		};
/* End PBXGroup section */

/* Begin PBXNativeTarget section */
		474976E41DA2739200A2DF23 /* SimpleWebView */ = {
			isa = PBXNativeTarget;
			buildConfigurationList = 474976F71DA2739200A2DF23 /* Build configuration list for PBXNativeTarget "SimpleWebView" */;
			buildPhases = (
				474976E11DA2739200A2DF23 /* Sources */,
				474976E21DA2739200A2DF23 /* Frameworks */,
				474976E31DA2739200A2DF23 /* Resources */,
			);
			buildRules = (
			);
			dependencies = (
			);
			name = SimpleWebView;
			productName = SimpleWebView;
			productReference = 474976E51DA2739200A2DF23 /* SimpleWebView.app */;
			productType = "com.apple.product-type.application";
		};
/* End PBXNativeTarget section */

/* Begin PBXProject section */
		474976DD1DA2739200A2DF23 /* Project object */ = {
			isa = PBXProject;
			attributes = {
				LastSwiftUpdateCheck = 0800;
				LastUpgradeCheck = 0800;
				ORGANIZATIONNAME = "Peter Arato";
				TargetAttributes = {
					474976E41DA2739200A2DF23 = {
						CreatedOnToolsVersion = 8.0;
						DevelopmentTeam = M4DY589ML9;
						ProvisioningStyle = Automatic;
					};
				};
			};
			buildConfigurationList = 474976E01DA2739200A2DF23 /* Build configuration list for PBXProject "SimpleWebView" */;
			compatibilityVersion = "Xcode 3.2";
			developmentRegion = English;
			hasScannedForEncodings = 0;
			knownRegions = (
				en,
				Base,
			);
			mainGroup = 474976DC1DA2739200A2DF23;
			productRefGroup = 474976E61DA2739200A2DF23 /* Products */;
			projectDirPath = "";
			projectRoot = "";
			targets = (
				474976E41DA2739200A2DF23 /* SimpleWebView */,
			);
		};
/* End PBXProject section */

/* Begin PBXResourcesBuildPhase section */
		474976E31DA2739200A2DF23 /* Resources */ = {
			isa = PBXResourcesBuildPhase;
			buildActionMask = 2147483647;
			files = (
				474976F31DA2739200A2DF23 /* LaunchScreen.storyboard in Resources */,
				474976F01DA2739200A2DF23 /* Assets.xcassets in Resources */,
				474976EE1DA2739200A2DF23 /* Main.storyboard in Resources */,
			);
			runOnlyForDeploymentPostprocessing = 0;
		};
/* End PBXResourcesBuildPhase section */

/* Begin PBXSourcesBuildPhase section */
		474976E11DA2739200A2DF23 /* Sources */ = {
			isa = PBXSourcesBuildPhase;
			buildActionMask = 2147483647;
			files = (
				474976EB1DA2739200A2DF23 /* ViewController.swift in Sources */,
				474976E91DA2739200A2DF23 /* AppDelegate.swift in Sources */,
			);
			runOnlyForDeploymentPostprocessing = 0;
		};
/* End PBXSourcesBuildPhase section */

/* Begin PBXVariantGroup section */
		474976EC1DA2739200A2DF23 /* Main.storyboard */ = {
			isa = PBXVariantGroup;
			children = (
				474976ED1DA2739200A2DF23 /* Base */,
			);
			name = Main.storyboard;
			sourceTree = "<group>";
		};
		474976F11DA2739200A2DF23 /* LaunchScreen.storyboard */ = {
			isa = PBXVariantGroup;
			children = (
				474976F21DA2739200A2DF23 /* Base */,
			);
			name = LaunchScreen.storyboard;
			sourceTree = "<group>";
		};
/* End PBXVariantGroup section */

/* Begin XCBuildConfiguration section */
		474976F51DA2739200A2DF23 /* Debug */ = {
			isa = XCBuildConfiguration;
			buildSettings = {
				ALWAYS_SEARCH_USER_PATHS = NO;
				CLANG_ANALYZER_NONNULL = YES;
				CLANG_CXX_LANGUAGE_STANDARD = "gnu++0x";
				CLANG_CXX_LIBRARY = "libc++";
				CLANG_ENABLE_MODULES = YES;
				CLANG_ENABLE_OBJC_ARC = YES;
				CLANG_WARN_BOOL_CONVERSION = YES;
				CLANG_WARN_CONSTANT_CONVERSION = YES;
				CLANG_WARN_DIRECT_OBJC_ISA_USAGE = YES_ERROR;
				CLANG_WARN_DOCUMENTATION_COMMENTS = YES;
				CLANG_WARN_EMPTY_BODY = YES;
				CLANG_WARN_ENUM_CONVERSION = YES;
				CLANG_WARN_INFINITE_RECURSION = YES;
				CLANG_WARN_INT_CONVERSION = YES;
				CLANG_WARN_OBJC_ROOT_CLASS = YES_ERROR;
				CLANG_WARN_SUSPICIOUS_MOVES = YES;
				CLANG_WARN_UNREACHABLE_CODE = YES;
				CLANG_WARN__DUPLICATE_METHOD_MATCH = YES;
				"CODE_SIGN_IDENTITY[sdk=iphoneos*]" = "iPhone Developer";
				COPY_PHASE_STRIP = NO;
				DEBUG_INFORMATION_FORMAT = dwarf;
				ENABLE_STRICT_OBJC_MSGSEND = YES;
				ENABLE_TESTABILITY = YES;
				GCC_C_LANGUAGE_STANDARD = gnu99;
				GCC_DYNAMIC_NO_PIC = NO;
				GCC_NO_COMMON_BLOCKS = YES;
				GCC_OPTIMIZATION_LEVEL = 0;
				GCC_PREPROCESSOR_DEFINITIONS = (
					"DEBUG=1",
					"$(inherited)",
				);
				GCC_WARN_64_TO_32_BIT_CONVERSION = YES;
				GCC_WARN_ABOUT_RETURN_TYPE = YES_ERROR;
				GCC_WARN_UNDECLARED_SELECTOR = YES;
				GCC_WARN_UNINITIALIZED_AUTOS = YES_AGGRESSIVE;
				GCC_WARN_UNUSED_FUNCTION = YES;
				GCC_WARN_UNUSED_VARIABLE = YES;
				IPHONEOS_DEPLOYMENT_TARGET = 10.0;
				MTL_ENABLE_DEBUG_INFO = YES;
				ONLY_ACTIVE_ARCH = YES;
				SDKROOT = iphoneos;
				SWIFT_ACTIVE_COMPILATION_CONDITIONS = DEBUG;
				SWIFT_OPTIMIZATION_LEVEL = "-Onone";
				TARGETED_DEVICE_FAMILY = "1,2";
			};
			name = Debug;
		};
		474976F61DA2739200A2DF23 /* Release */ = {
			isa = XCBuildConfiguration;
			buildSettings = {
				ALWAYS_SEARCH_USER_PATHS = NO;
				CLANG_ANALYZER_NONNULL = YES;
				CLANG_CXX_LANGUAGE_STANDARD = "gnu++0x";
				CLANG_CXX_LIBRARY = "libc++";
				CLANG_ENABLE_MODULES = YES;
				CLANG_ENABLE_OBJC_ARC = YES;
				CLANG_WARN_BOOL_CONVERSION = YES;
				CLANG_WARN_CONSTANT_CONVERSION = YES;
				CLANG_WARN_DIRECT_OBJC_ISA_USAGE = YES_ERROR;
				CLANG_WARN_DOCUMENTATION_COMMENTS = YES;
				CLANG_WARN_EMPTY_BODY = YES;
				CLANG_WARN_ENUM_CONVERSION = YES;
				CLANG_WARN_INFINITE_RECURSION = YES;
				CLANG_WARN_INT_CONVERSION = YES;
				CLANG_WARN_OBJC_ROOT_CLASS = YES_ERROR;
				CLANG_WARN_SUSPICIOUS_MOVES = YES;
				CLANG_WARN_UNREACHABLE_CODE = YES;
				CLANG_WARN__DUPLICATE_METHOD_MATCH = YES;
				"CODE_SIGN_IDENTITY[sdk=iphoneos*]" = "iPhone Developer";
				COPY_PHASE_STRIP = NO;
				DEBUG_INFORMATION_FORMAT = "dwarf-with-dsym";
				ENABLE_NS_ASSERTIONS = NO;
				ENABLE_STRICT_OBJC_MSGSEND = YES;
				GCC_C_LANGUAGE_STANDARD = gnu99;
				GCC_NO_COMMON_BLOCKS = YES;
				GCC_WARN_64_TO_32_BIT_CONVERSION = YES;
				GCC_WARN_ABOUT_RETURN_TYPE = YES_ERROR;
				GCC_WARN_UNDECLARED_SELECTOR = YES;
				GCC_WARN_UNINITIALIZED_AUTOS = YES_AGGRESSIVE;
				GCC_WARN_UNUSED_FUNCTION = YES;
				GCC_WARN_UNUSED_VARIABLE = YES;
				IPHONEOS_DEPLOYMENT_TARGET = 10.0;
				MTL_ENABLE_DEBUG_INFO = NO;
				SDKROOT = iphoneos;
				SWIFT_OPTIMIZATION_LEVEL = "-Owholemodule";
				TARGETED_DEVICE_FAMILY = "1,2";
				VALIDATE_PRODUCT = YES;
			};
			name = Release;
		};
		474976F81DA2739200A2DF23 /* Debug */ = {
			isa = XCBuildConfiguration;
			buildSettings = {
				ASSETCATALOG_COMPILER_APPICON_NAME = AppIcon;
				DEVELOPMENT_TEAM = M4DY589ML9;
				INFOPLIST_FILE = SimpleWebView/Info.plist;
				IPHONEOS_DEPLOYMENT_TARGET = 10.0;
				LD_RUNPATH_SEARCH_PATHS = "$(inherited) @executable_path/Frameworks";
				PRODUCT_BUNDLE_IDENTIFIER = com.itarato.SimpleWebView;
				PRODUCT_NAME = "$(TARGET_NAME)";
				SWIFT_VERSION = 3.0;
			};
			name = Debug;
		};
		474976F91DA2739200A2DF23 /* Release */ = {
			isa = XCBuildConfiguration;
			buildSettings = {
				ASSETCATALOG_COMPILER_APPICON_NAME = AppIcon;
				DEVELOPMENT_TEAM = M4DY589ML9;
				INFOPLIST_FILE = SimpleWebView/Info.plist;
				IPHONEOS_DEPLOYMENT_TARGET = 10.0;
				LD_RUNPATH_SEARCH_PATHS = "$(inherited) @executable_path/Frameworks";
				PRODUCT_BUNDLE_IDENTIFIER = com.itarato.SimpleWebView;
				PRODUCT_NAME = "$(TARGET_NAME)";
				SWIFT_VERSION = 3.0;
			};
			name = Release;
		};
/* End XCBuildConfiguration section */

/* Begin XCConfigurationList section */
		474976E01DA2739200A2DF23 /* Build configuration list for PBXProject "SimpleWebView" */ = {
			isa = XCConfigurationList;
			buildConfigurations = (
				474976F51DA2739200A2DF23 /* Debug */,
				474976F61DA2739200A2DF23 /* Release */,
			);
			defaultConfigurationIsVisible = 0;
			defaultConfigurationName = Release;
		};
		474976F71DA2739200A2DF23 /* Build configuration list for PBXNativeTarget "SimpleWebView" */ = {
			isa = XCConfigurationList;
			buildConfigurations = (
				474976F81DA2739200A2DF23 /* Debug */,
				474976F91DA2739200A2DF23 /* Release */,
			);
			defaultConfigurationIsVisible = 0;
		};
/* End XCConfigurationList section */
	};
	rootObject = 474976DD1DA2739200A2DF23 /* Project object */;
}
